github.com/gorilla/mux v1.7.3 h1:gnP5JzjVOuiZD07fKKToCAOjS0yOpj/qPETTXCCS6hw=
github.com/gorilla/mux v1.7.3/go.mod h1:1lud6UwP+6orDFRuTfBEV8e9/aOM/c4fVVCaMa2zaAs=
github.com/gorilla/websocket v1.4.1 h1:q7AeDBpnBk8AogcD4DSag/Ukw/KV+YhzLj2bP5HvKCM=
github.com/gorilla/websocket v1.4.1/go.mod h1:YR8l580nyteQvAITg2hZ9XVh4b55+EU/adAjf1fMHhE=
github.com/satom9to5/dirnotify v0.0.0-20170701235442-31e776e1af88 h1:70lZPpwAGJ3bT+TyMuCKJ0gtVqaSrfgMnzFRrYvtvxM=
github.com/satom9to5/dirnotify v0.0.0-20170701235442-31e776e1af88/go.mod h1:AoSwiljUCH22vJ21uDR2FoV357/HIXbSpX43SQ9d8Bo=
github.com/satom9to5/fileinfo v0.0.0-20170701235059-df85bfdfeff5 h1:sjn/DWhyxaP7R4g8wq2g+z4sYgY3el0Etk9RqZphTjE=
github.com/satom9to5/fileinfo v0.0.0-20170701235059-df85bfdfeff5/go.mod h1:U9wCdWGSaerfQS56RpbKQxM/oJlgdE3ms9kUnOqu5mw=
github.com/satom9to5/fsnotify v1.4.2 h1:tGlAuEV6866D/BSJiDbsqLFeKjsYcRHWkY8vSyQfJ5c=
github.com/satom9to5/fsnotify v1.4.2/go.mod h1:Mi76TOkYhgs7VmRagWJfgK1+KXAY/e/nG35dRPTpVPc=
golang.org/x/sys v0.0.0-20191005200804-aed5e4c7ecf9/go.mod h1:h1NjWce9XRLGQEsW7wpKNCjG9DtNlClVuFLEZdDNbEs=
golang.org/x/sys v0.0.0-20191204072324-ce4227a45e2e h1:9vRrk9YW2BTzLP0VCB9ZDjU4cPqkg+IDWL7XgxA1yxQ=
golang.org/x/sys v0.0.0-20191204072324-ce4227a45e2e/go.mod h1:h1NjWce9XRLGQEsW7wpKNCjG9DtNlClVuFLEZdDNbEs=
